
Microsoft Visual Studio Solution File, Format Version 12.00
# Visual Studio Version 16
VisualStudioVersion = 16.0.31702.278
MinimumVisualStudioVersion = 10.0.40219.1
Project("{FAE04EC0-301F-11D3-BF4B-00C04F79EFBC}") = "ImaraDaimaWebsite", "ImaraDaimaWebsite\ImaraDaimaWebsite.csproj", "{05640B8C-6349-4F93-8C80-6ECB61E95982}"
EndProject
Global
	GlobalSection(SolutionConfigurationPlatforms) = preSolution
		Debug|Any CPU = Debug|Any CPU
		Release|Any CPU = Release|Any CPU
	EndGlobalSection
	GlobalSection(ProjectConfigurationPlatforms) = postSolution
		{05640B8C-6349-4F93-8C80-6ECB61E95982}.Debug|Any CPU.ActiveCfg = Debug|Any CPU
		{05640B8C-6349-4F93-8C80-6ECB61E95982}.Debug|Any CPU.Build.0 = Debug|Any CPU
		{05640B8C-6349-4F93-8C80-6ECB61E95982}.Release|Any CPU.ActiveCfg = Release|Any CPU
		{05640B8C-6349-4F93-8C80-6ECB61E95982}.Release|Any CPU.Build.0 = Release|Any CPU
	EndGlobalSection
	GlobalSection(SolutionProperties) = preSolution
		HideSolutionNode = FALSE
	EndGlobalSection
	GlobalSection(ExtensibilityGlobals) = postSolution
		SolutionGuid = {1B46D250-597B-4978-A21D-1C4744528A8E}
	EndGlobalSection
EndGlobal
